
Microsoft Visual Studio Solution File, Format Version 12.00
# Visual Studio Version 16
VisualStudioVersion = 16.0.31019.35
MinimumVisualStudioVersion = 10.0.40219.1
Project("{9A19103F-16F7-4668-BE54-9A1E7A4F7556}") = "ejer1", "ejerciciosFISCELLA\ejer1.csproj", "{CC96B379-76F8-4DB7-8F59-1009D447AF26}"
EndProject
Project("{9A19103F-16F7-4668-BE54-9A1E7A4F7556}") = "ejer2", "ejercicioFISCELLA2\ejer2.csproj", "{110B34C8-11ED-4D75-AB62-3F02E635633E}"
EndProject
Project("{9A19103F-16F7-4668-BE54-9A1E7A4F7556}") = "ejer3", "ejer3\ejer3.csproj", "{DB845297-5AD0-4315-904C-83DCAE6AA1FC}"
EndProject
Project("{FAE04EC0-301F-11D3-BF4B-00C04F79EFBC}") = "ejer1idem", "ejer1idem\ejer1idem.csproj", "{F6FC0FD5-ADBA-4874-90D5-F4E40730BC44}"
EndProject
Project("{9A19103F-16F7-4668-BE54-9A1E7A4F7556}") = "ejer2idem", "ejer2idem\ejer2idem.csproj", "{963F3CBB-B08B-42D8-BAB3-856EB470D45A}"
EndProject
Project("{9A19103F-16F7-4668-BE54-9A1E7A4F7556}") = "ejer4", "ejer4\ejer4.csproj", "{48A3317A-6F07-43BD-9CD4-50EC37FD6B60}"
EndProject
Project("{FAE04EC0-301F-11D3-BF4B-00C04F79EFBC}") = "ejer5", "ejer5\ejer5.csproj", "{16339383-D13F-4024-9236-1B336CCECF69}"
EndProject
Project("{FAE04EC0-301F-11D3-BF4B-00C04F79EFBC}") = "ejer6", "ejer6\ejer6.csproj", "{3052F3EE-0D1C-4AD2-B569-055559B07952}"
EndProject
Project("{FAE04EC0-301F-11D3-BF4B-00C04F79EFBC}") = "ejer7", "ejer7\ejer7.csproj", "{8ACA53E0-89EB-4E02-98B2-6556F79121AF}"
EndProject
Project("{FAE04EC0-301F-11D3-BF4B-00C04F79EFBC}") = "ejer8", "ejer8\ejer8.csproj", "{97FD8D57-DB0E-4311-8E83-A2EC5B3AF9D0}"
EndProject
Project("{FAE04EC0-301F-11D3-BF4B-00C04F79EFBC}") = "ejer9", "ejer9\ejer9.csproj", "{EFA8162F-6B37-4540-AAEE-82E90D9F72BE}"
EndProject
Project("{FAE04EC0-301F-11D3-BF4B-00C04F79EFBC}") = "ejer10", "ejer10\ejer10.csproj", "{C24AECAA-30EB-488C-972C-855D614349F3}"
EndProject
Project("{FAE04EC0-301F-11D3-BF4B-00C04F79EFBC}") = "ejer11", "ejer11\ejer11.csproj", "{08531FA3-7F9C-4D8A-8F11-7AD711431209}"
EndProject
Project("{FAE04EC0-301F-11D3-BF4B-00C04F79EFBC}") = "ejer12", "ejer12\ejer12.csproj", "{07EA4459-55F9-455F-99EE-B2CA121ED493}"
EndProject
Global
	GlobalSection(SolutionConfigurationPlatforms) = preSolution
		Debug|Any CPU = Debug|Any CPU
		Release|Any CPU = Release|Any CPU
	EndGlobalSection
	GlobalSection(ProjectConfigurationPlatforms) = postSolution
		{CC96B379-76F8-4DB7-8F59-1009D447AF26}.Debug|Any CPU.ActiveCfg = Debug|Any CPU
		{CC96B379-76F8-4DB7-8F59-1009D447AF26}.Debug|Any CPU.Build.0 = Debug|Any CPU
		{CC96B379-76F8-4DB7-8F59-1009D447AF26}.Release|Any CPU.ActiveCfg = Release|Any CPU
		{CC96B379-76F8-4DB7-8F59-1009D447AF26}.Release|Any CPU.Build.0 = Release|Any CPU
		{110B34C8-11ED-4D75-AB62-3F02E635633E}.Debug|Any CPU.ActiveCfg = Debug|Any CPU
		{110B34C8-11ED-4D75-AB62-3F02E635633E}.Debug|Any CPU.Build.0 = Debug|Any CPU
		{110B34C8-11ED-4D75-AB62-3F02E635633E}.Release|Any CPU.ActiveCfg = Release|Any CPU
		{110B34C8-11ED-4D75-AB62-3F02E635633E}.Release|Any CPU.Build.0 = Release|Any CPU
		{DB845297-5AD0-4315-904C-83DCAE6AA1FC}.Debug|Any CPU.ActiveCfg = Debug|Any CPU
		{DB845297-5AD0-4315-904C-83DCAE6AA1FC}.Debug|Any CPU.Build.0 = Debug|Any CPU
		{DB845297-5AD0-4315-904C-83DCAE6AA1FC}.Release|Any CPU.ActiveCfg = Release|Any CPU
		{DB845297-5AD0-4315-904C-83DCAE6AA1FC}.Release|Any CPU.Build.0 = Release|Any CPU
		{F6FC0FD5-ADBA-4874-90D5-F4E40730BC44}.Debug|Any CPU.ActiveCfg = Debug|Any CPU
		{F6FC0FD5-ADBA-4874-90D5-F4E40730BC44}.Debug|Any CPU.Build.0 = Debug|Any CPU
		{F6FC0FD5-ADBA-4874-90D5-F4E40730BC44}.Release|Any CPU.ActiveCfg = Release|Any CPU
		{F6FC0FD5-ADBA-4874-90D5-F4E40730BC44}.Release|Any CPU.Build.0 = Release|Any CPU
		{963F3CBB-B08B-42D8-BAB3-856EB470D45A}.Debug|Any CPU.ActiveCfg = Debug|Any CPU
		{963F3CBB-B08B-42D8-BAB3-856EB470D45A}.Debug|Any CPU.Build.0 = Debug|Any CPU
		{963F3CBB-B08B-42D8-BAB3-856EB470D45A}.Release|Any CPU.ActiveCfg = Release|Any CPU
		{963F3CBB-B08B-42D8-BAB3-856EB470D45A}.Release|Any CPU.Build.0 = Release|Any CPU
		{48A3317A-6F07-43BD-9CD4-50EC37FD6B60}.Debug|Any CPU.ActiveCfg = Debug|Any CPU
		{48A3317A-6F07-43BD-9CD4-50EC37FD6B60}.Debug|Any CPU.Build.0 = Debug|Any CPU
		{48A3317A-6F07-43BD-9CD4-50EC37FD6B60}.Release|Any CPU.ActiveCfg = Release|Any CPU
		{48A3317A-6F07-43BD-9CD4-50EC37FD6B60}.Release|Any CPU.Build.0 = Release|Any CPU
		{16339383-D13F-4024-9236-1B336CCECF69}.Debug|Any CPU.ActiveCfg = Debug|Any CPU
		{16339383-D13F-4024-9236-1B336CCECF69}.Debug|Any CPU.Build.0 = Debug|Any CPU
		{16339383-D13F-4024-9236-1B336CCECF69}.Release|Any CPU.ActiveCfg = Release|Any CPU
		{16339383-D13F-4024-9236-1B336CCECF69}.Release|Any CPU.Build.0 = Release|Any CPU
		{3052F3EE-0D1C-4AD2-B569-055559B07952}.Debug|Any CPU.ActiveCfg = Debug|Any CPU
		{3052F3EE-0D1C-4AD2-B569-055559B07952}.Debug|Any CPU.Build.0 = Debug|Any CPU
		{3052F3EE-0D1C-4AD2-B569-055559B07952}.Release|Any CPU.ActiveCfg = Release|Any CPU
		{3052F3EE-0D1C-4AD2-B569-055559B07952}.Release|Any CPU.Build.0 = Release|Any CPU
		{8ACA53E0-89EB-4E02-98B2-6556F79121AF}.Debug|Any CPU.ActiveCfg = Debug|Any CPU
		{8ACA53E0-89EB-4E02-98B2-6556F79121AF}.Debug|Any CPU.Build.0 = Debug|Any CPU
		{8ACA53E0-89EB-4E02-98B2-6556F79121AF}.Release|Any CPU.ActiveCfg = Release|Any CPU
		{8ACA53E0-89EB-4E02-98B2-6556F79121AF}.Release|Any CPU.Build.0 = Release|Any CPU
		{97FD8D57-DB0E-4311-8E83-A2EC5B3AF9D0}.Debug|Any CPU.ActiveCfg = Debug|Any CPU
		{97FD8D57-DB0E-4311-8E83-A2EC5B3AF9D0}.Debug|Any CPU.Build.0 = Debug|Any CPU
		{97FD8D57-DB0E-4311-8E83-A2EC5B3AF9D0}.Release|Any CPU.ActiveCfg = Release|Any CPU
		{97FD8D57-DB0E-4311-8E83-A2EC5B3AF9D0}.Release|Any CPU.Build.0 = Release|Any CPU
		{EFA8162F-6B37-4540-AAEE-82E90D9F72BE}.Debug|Any CPU.ActiveCfg = Debug|Any CPU
		{EFA8162F-6B37-4540-AAEE-82E90D9F72BE}.Debug|Any CPU.Build.0 = Debug|Any CPU
		{EFA8162F-6B37-4540-AAEE-82E90D9F72BE}.Release|Any CPU.ActiveCfg = Release|Any CPU
		{EFA8162F-6B37-4540-AAEE-82E90D9F72BE}.Release|Any CPU.Build.0 = Release|Any CPU
		{C24AECAA-30EB-488C-972C-855D614349F3}.Debug|Any CPU.ActiveCfg = Debug|Any CPU
		{C24AECAA-30EB-488C-972C-855D614349F3}.Debug|Any CPU.Build.0 = Debug|Any CPU
		{C24AECAA-30EB-488C-972C-855D614349F3}.Release|Any CPU.ActiveCfg = Release|Any CPU
		{C24AECAA-30EB-488C-972C-855D614349F3}.Release|Any CPU.Build.0 = Release|Any CPU
		{08531FA3-7F9C-4D8A-8F11-7AD711431209}.Debug|Any CPU.ActiveCfg = Debug|Any CPU
		{08531FA3-7F9C-4D8A-8F11-7AD711431209}.Debug|Any CPU.Build.0 = Debug|Any CPU
		{08531FA3-7F9C-4D8A-8F11-7AD711431209}.Release|Any CPU.ActiveCfg = Release|Any CPU
		{08531FA3-7F9C-4D8A-8F11-7AD711431209}.Release|Any CPU.Build.0 = Release|Any CPU
		{07EA4459-55F9-455F-99EE-B2CA121ED493}.Debug|Any CPU.ActiveCfg = Debug|Any CPU
		{07EA4459-55F9-455F-99EE-B2CA121ED493}.Debug|Any CPU.Build.0 = Debug|Any CPU
		{07EA4459-55F9-455F-99EE-B2CA121ED493}.Release|Any CPU.ActiveCfg = Release|Any CPU
		{07EA4459-55F9-455F-99EE-B2CA121ED493}.Release|Any CPU.Build.0 = Release|Any CPU
	EndGlobalSection
	GlobalSection(SolutionProperties) = preSolution
		HideSolutionNode = FALSE
	EndGlobalSection
	GlobalSection(ExtensibilityGlobals) = postSolution
		SolutionGuid = {9CE2E961-3AAA-479A-B3E3-DAFD7ECABCBF}
	EndGlobalSection
EndGlobal
